
Microsoft Visual Studio Solution File, Format Version 11.00
# Visual Studio 2010
# SharpDevelop 4.3
Project("{FAE04EC0-301F-11D3-BF4B-00C04F79EFBC}") = "Tugas3", "Tugas3\Tugas3.csproj", "{387D158E-7C18-4C86-9237-8C22BAB9AE6C}"
EndProject
Global
	GlobalSection(SolutionConfigurationPlatforms) = preSolution
		Debug|Any CPU = Debug|Any CPU
		Release|Any CPU = Release|Any CPU
	EndGlobalSection
	GlobalSection(ProjectConfigurationPlatforms) = postSolution
		{387D158E-7C18-4C86-9237-8C22BAB9AE6C}.Debug|Any CPU.Build.0 = Debug|Any CPU
		{387D158E-7C18-4C86-9237-8C22BAB9AE6C}.Debug|Any CPU.ActiveCfg = Debug|Any CPU
		{387D158E-7C18-4C86-9237-8C22BAB9AE6C}.Release|Any CPU.Build.0 = Release|Any CPU
		{387D158E-7C18-4C86-9237-8C22BAB9AE6C}.Release|Any CPU.ActiveCfg = Release|Any CPU
	EndGlobalSection
EndGlobal
